{
  "name": "cro",
  "lockfileVersion": 2,
  "requires": true,
  "packages": {
    "": {
      "dependencies": {
        "axios": "^0.21.4",
        "cropperjs": "^1.5.11",
        "date-fns": "^2.19.0",
        "filepond": "^4.27.1",
        "iv-viewer": "^2.0.1",
        "jsondiffpatch": "^0.4.1",
        "leaflet": "^1.7.1",
        "sortablejs": "^1.14.0",
        "vee-validate": "^3.4.5",
        "video.js": "^7.5.0",
        "vue": "^2.6.11",
        "vue-router": "^3.1.3",
        "vue2-leaflet": "^2.7.0",
        "vuedraggable": "^2.24.3",
        "vuetify": "^2.3.2"
      }
    },
    "node_modules/@babel/runtime": {
      "version": "7.15.4",
      "resolved": "https://registry.npmjs.org/@babel/runtime/-/runtime-7.15.4.tgz",
      "integrity": "sha512-99catp6bHCaxr4sJ/DbTGgHS4+Rs2RVd2g7iOap6SLGPDknRK9ztKNsE/Fg6QhSeh1FGE5f6gHGQmvvn3I3xhw==",
      "dependencies": {
        "regenerator-runtime": "^0.13.4"
      },
      "engines": {
        "node": ">=6.9.0"
      }
    },
    "node_modules/@types/geojson": {
      "version": "7946.0.7",
      "resolved": "https://registry.npmjs.org/@types/geojson/-/geojson-7946.0.7.tgz",
      "integrity": "sha512-wE2v81i4C4Ol09RtsWFAqg3BUitWbHSpSlIo+bNdsCJijO9sjme+zm+73ZMCa/qMC8UEERxzGbvmr1cffo2SiQ==",
      "peer": true
    },
    "node_modules/@types/leaflet": {
      "version": "1.7.3",
      "resolved": "https://registry.npmjs.org/@types/leaflet/-/leaflet-1.7.3.tgz",
      "integrity": "sha512-uIAUQbzow2NxFsKmgOnogUA5A6oQ4ZCJoAet4hhe1RwUw54Tydn1tkpHKMZKbqloTMYAZ0CtCF3MoITAwMJWHw==",
      "peer": true,
      "dependencies": {
        "@types/geojson": "*"
      }
    },
    "node_modules/@videojs/http-streaming": {
      "version": "2.9.2",
      "resolved": "https://registry.npmjs.org/@videojs/http-streaming/-/http-streaming-2.9.2.tgz",
      "integrity": "sha512-2ZsxJn4/nZZ6k6jIhic2l9ynGmKwprtuI5b3+M6JgqOSLvQQ/ah+heVs/0g2Ze7qJxodqR+aSY948JwJIz1gCw==",
      "dependencies": {
        "@babel/runtime": "^7.12.5",
        "@videojs/vhs-utils": "^3.0.2",
        "aes-decrypter": "3.1.2",
        "global": "^4.4.0",
        "m3u8-parser": "4.7.0",
        "mpd-parser": "0.17.0",
        "mux.js": "5.12.2",
        "video.js": "^6 || ^7"
      },
      "engines": {
        "node": ">=8",
        "npm": ">=5"
      },
      "peerDependencies": {
        "video.js": "^6 || ^7"
      }
    },
    "node_modules/@videojs/vhs-utils": {
      "version": "3.0.3",
      "resolved": "https://registry.npmjs.org/@videojs/vhs-utils/-/vhs-utils-3.0.3.tgz",
      "integrity": "sha512-bU7daxDHhzcTDbmty1cXjzsTYvx2cBGbA8hG5H2Gvpuk4sdfuvkZtMCwtCqL59p6dsleMPspyaNS+7tWXx2Y0A==",
      "dependencies": {
        "@babel/runtime": "^7.12.5",
        "global": "^4.4.0",
        "url-toolkit": "^2.2.1"
      },
      "engines": {
        "node": ">=8",
        "npm": ">=5"
      }
    },
    "node_modules/@videojs/xhr": {
      "version": "2.5.1",
      "resolved": "https://registry.npmjs.org/@videojs/xhr/-/xhr-2.5.1.tgz",
      "integrity": "sha512-wV9nGESHseSK+S9ePEru2+OJZ1jq/ZbbzniGQ4weAmTIepuBMSYPx5zrxxQA0E786T5ykpO8ts+LayV+3/oI2w==",
      "dependencies": {
        "@babel/runtime": "^7.5.5",
        "global": "~4.4.0",
        "is-function": "^1.0.1"
      }
    },
    "node_modules/aes-decrypter": {
      "version": "3.1.2",
      "resolved": "https://registry.npmjs.org/aes-decrypter/-/aes-decrypter-3.1.2.tgz",
      "integrity": "sha512-42nRwfQuPRj9R1zqZBdoxnaAmnIFyDi0MNyTVhjdFOd8fifXKKRfwIHIZ6AMn1or4x5WONzjwRTbTWcsIQ0O4A==",
      "dependencies": {
        "@babel/runtime": "^7.12.5",
        "@videojs/vhs-utils": "^3.0.0",
        "global": "^4.4.0",
        "pkcs7": "^1.0.4"
      }
    },
    "node_modules/ansi-styles": {
      "version": "3.2.1",
      "resolved": "https://registry.npmjs.org/ansi-styles/-/ansi-styles-3.2.1.tgz",
      "integrity": "sha512-VT0ZI6kZRdTh8YyJw3SMbYm/u+NqfsAxEpWO0Pf9sq8/e94WxxOpPKx9FR1FlyCtOVDNOQ+8ntlqFxiRc+r5qA==",
      "dependencies": {
        "color-convert": "^1.9.0"
      },
      "engines": {
        "node": ">=4"
      }
    },
    "node_modules/axios": {
      "version": "0.21.4",
      "resolved": "https://registry.npmjs.org/axios/-/axios-0.21.4.tgz",
      "integrity": "sha512-ut5vewkiu8jjGBdqpM44XxjuCjq9LAKeHVmoVfHVzy8eHgxxq8SbAVQNovDA8mVi05kP0Ea/n/UzcSHcTJQfNg==",
      "dependencies": {
        "follow-redirects": "^1.14.0"
      }
    },
    "node_modules/chalk": {
      "version": "2.4.2",
      "resolved": "https://registry.npmjs.org/chalk/-/chalk-2.4.2.tgz",
      "integrity": "sha512-Mti+f9lpJNcwF4tWV8/OrTTtF1gZi+f8FqlyAdouralcFWFQWF2+NgCHShjkCb+IFBLq9buZwE1xckQU4peSuQ==",
      "dependencies": {
        "ansi-styles": "^3.2.1",
        "escape-string-regexp": "^1.0.5",
        "supports-color": "^5.3.0"
      },
      "engines": {
        "node": ">=4"
      }
    },
    "node_modules/color-convert": {
      "version": "1.9.3",
      "resolved": "https://registry.npmjs.org/color-convert/-/color-convert-1.9.3.tgz",
      "integrity": "sha512-QfAUtd+vFdAtFQcC8CCyYt1fYWxSqAiK2cSD6zDB8N3cpsEBAvRxp9zOGg6G/SHHJYAT88/az/IuDGALsNVbGg==",
      "dependencies": {
        "color-name": "1.1.3"
      }
    },
    "node_modules/color-name": {
      "version": "1.1.3",
      "resolved": "https://registry.npmjs.org/color-name/-/color-name-1.1.3.tgz",
      "integrity": "sha1-p9BVi9icQveV3UIyj3QIMcpTvCU="
    },
    "node_modules/cropperjs": {
      "version": "1.5.11",
      "resolved": "https://registry.npmjs.org/cropperjs/-/cropperjs-1.5.11.tgz",
      "integrity": "sha512-SJUeBBhtNBnnn+UrLKluhFRIXLJn7XFPv8QN1j49X5t+BIMwkgvDev541f96bmu8Xe0TgCx3gON22KmY/VddaA=="
    },
    "node_modules/date-fns": {
      "version": "2.19.0",
      "resolved": "https://registry.npmjs.org/date-fns/-/date-fns-2.19.0.tgz",
      "integrity": "sha512-X3bf2iTPgCAQp9wvjOQytnf5vO5rESYRXlPIVcgSbtT5OTScPcsf9eZU+B/YIkKAtYr5WeCii58BgATrNitlWg==",
      "engines": {
        "node": ">=0.11"
      },
      "funding": {
        "type": "opencollective",
        "url": "https://opencollective.com/date-fns"
      }
    },
    "node_modules/diff-match-patch": {
      "version": "1.0.5",
      "resolved": "https://registry.npmjs.org/diff-match-patch/-/diff-match-patch-1.0.5.tgz",
      "integrity": "sha512-IayShXAgj/QMXgB0IWmKx+rOPuGMhqm5w6jvFxmVenXKIzRqTAAsbBPT3kWQeGANj3jGgvcvv4yK6SxqYmikgw=="
    },
    "node_modules/dom-walk": {
      "version": "0.1.2",
      "resolved": "https://registry.npmjs.org/dom-walk/-/dom-walk-0.1.2.tgz",
      "integrity": "sha512-6QvTW9mrGeIegrFXdtQi9pk7O/nSK6lSdXW2eqUspN5LWD7UTji2Fqw5V2YLjBpHEoU9Xl/eUWNpDeZvoyOv2w=="
    },
    "node_modules/escape-string-regexp": {
      "version": "1.0.5",
      "resolved": "https://registry.npmjs.org/escape-string-regexp/-/escape-string-regexp-1.0.5.tgz",
      "integrity": "sha1-G2HAViGQqN/2rjuyzwIAyhMLhtQ=",
      "engines": {
        "node": ">=0.8.0"
      }
    },
    "node_modules/filepond": {
      "version": "4.27.1",
      "resolved": "https://registry.npmjs.org/filepond/-/filepond-4.27.1.tgz",
      "integrity": "sha512-L4DQgywbI68L+Qtp+1Wo6ZuzxtsfnxPMssTV4tyV0Sm9+9SOhwX5Dmx7y9RE5I8E7OnKKugxuUSakXUPS689Zg=="
    },
    "node_modules/follow-redirects": {
      "version": "1.14.4",
      "resolved": "https://registry.npmjs.org/follow-redirects/-/follow-redirects-1.14.4.tgz",
      "integrity": "sha512-zwGkiSXC1MUJG/qmeIFH2HBJx9u0V46QGUe3YR1fXG8bXQxq7fLj0RjLZQ5nubr9qNJUZrH+xUcwXEoXNpfS+g==",
      "funding": [
        {
          "type": "individual",
          "url": "https://github.com/sponsors/RubenVerborgh"
        }
      ],
      "engines": {
        "node": ">=4.0"
      },
      "peerDependenciesMeta": {
        "debug": {
          "optional": true
        }
      }
    },
    "node_modules/global": {
      "version": "4.4.0",
      "resolved": "https://registry.npmjs.org/global/-/global-4.4.0.tgz",
      "integrity": "sha512-wv/LAoHdRE3BeTGz53FAamhGlPLhlssK45usmGFThIi4XqnBmjKQ16u+RNbP7WvigRZDxUsM0J3gcQ5yicaL0w==",
      "dependencies": {
        "min-document": "^2.19.0",
        "process": "^0.11.10"
      }
    },
    "node_modules/has-flag": {
      "version": "3.0.0",
      "resolved": "https://registry.npmjs.org/has-flag/-/has-flag-3.0.0.tgz",
      "integrity": "sha1-tdRU3CGZriJWmfNGfloH87lVuv0=",
      "engines": {
        "node": ">=4"
      }
    },
    "node_modules/individual": {
      "version": "2.0.0",
      "resolved": "https://registry.npmjs.org/individual/-/individual-2.0.0.tgz",
      "integrity": "sha1-gzsJfa0jKU52EXqY+zjg2a1hu5c="
    },
    "node_modules/is-function": {
      "version": "1.0.2",
      "resolved": "https://registry.npmjs.org/is-function/-/is-function-1.0.2.tgz",
      "integrity": "sha512-lw7DUp0aWXYg+CBCN+JKkcE0Q2RayZnSvnZBlwgxHBQhqt5pZNVy4Ri7H9GmmXkdu7LUthszM+Tor1u/2iBcpQ=="
    },
    "node_modules/iv-viewer": {
      "version": "2.0.1",
      "resolved": "https://registry.npmjs.org/iv-viewer/-/iv-viewer-2.0.1.tgz",
      "integrity": "sha512-dPwFs3fHGJAwE9APaJB3UpEaxoTAG6N1wraKv48SjDvOP+CMzUmFbW+TWpyKVSpjRmpCsMdCoBFiLRAFsTkulA=="
    },
    "node_modules/jsondiffpatch": {
      "version": "0.4.1",
      "resolved": "https://registry.npmjs.org/jsondiffpatch/-/jsondiffpatch-0.4.1.tgz",
      "integrity": "sha512-t0etAxTUk1w5MYdNOkZBZ8rvYYN5iL+2dHCCx/DpkFm/bW28M6y5nUS83D4XdZiHy35Fpaw6LBb+F88fHZnVCw==",
      "dependencies": {
        "chalk": "^2.3.0",
        "diff-match-patch": "^1.0.0"
      },
      "bin": {
        "jsondiffpatch": "bin/jsondiffpatch"
      },
      "engines": {
        "node": ">=8.17.0"
      }
    },
    "node_modules/keycode": {
      "version": "2.2.0",
      "resolved": "https://registry.npmjs.org/keycode/-/keycode-2.2.0.tgz",
      "integrity": "sha1-PQr1bce4uOXLqNCpfxByBO7CKwQ="
    },
    "node_modules/leaflet": {
      "version": "1.7.1",
      "resolved": "https://registry.npmjs.org/leaflet/-/leaflet-1.7.1.tgz",
      "integrity": "sha512-/xwPEBidtg69Q3HlqPdU3DnrXQOvQU/CCHA1tcDQVzOwm91YMYaILjNp7L4Eaw5Z4sOYdbBz6koWyibppd8Zqw=="
    },
    "node_modules/m3u8-parser": {
      "version": "4.7.0",
      "resolved": "https://registry.npmjs.org/m3u8-parser/-/m3u8-parser-4.7.0.tgz",
      "integrity": "sha512-48l/OwRyjBm+QhNNigEEcRcgbRvnUjL7rxs597HmW9QSNbyNvt+RcZ9T/d9vxi9A9z7EZrB1POtZYhdRlwYQkQ==",
      "dependencies": {
        "@babel/runtime": "^7.12.5",
        "@videojs/vhs-utils": "^3.0.0",
        "global": "^4.4.0"
      }
    },
    "node_modules/min-document": {
      "version": "2.19.0",
      "resolved": "https://registry.npmjs.org/min-document/-/min-document-2.19.0.tgz",
      "integrity": "sha1-e9KC4/WELtKVu3SM3Z8f+iyCRoU=",
      "dependencies": {
        "dom-walk": "^0.1.0"
      }
    },
    "node_modules/mpd-parser": {
      "version": "0.17.0",
      "resolved": "https://registry.npmjs.org/mpd-parser/-/mpd-parser-0.17.0.tgz",
      "integrity": "sha512-oKS5G0jCcHHJ3sHYlcLeM9Xcbuixl08eAx7QW0Th7ChlZiI0YvLtGaHE/L0aKUBJFNvtkeksIr8XgJgSBBsS4g==",
      "dependencies": {
        "@babel/runtime": "^7.12.5",
        "@videojs/vhs-utils": "^3.0.2",
        "global": "^4.4.0",
        "xmldom": "^0.5.0"
      },
      "bin": {
        "mpd-to-m3u8-json": "bin/parse.js"
      }
    },
    "node_modules/mux.js": {
      "version": "5.12.2",
      "resolved": "https://registry.npmjs.org/mux.js/-/mux.js-5.12.2.tgz",
      "integrity": "sha512-9OY1lrFIo7FxMeIC6aLUftiNv97AztufDfi30N7qDll1Pcy7bCxlHztyHp1Ce0KQwy2XqchGeENPS4v1NJngHQ==",
      "dependencies": {
        "@babel/runtime": "^7.11.2"
      },
      "bin": {
        "muxjs-transmux": "bin/transmux.js"
      },
      "engines": {
        "node": ">=8",
        "npm": ">=5"
      }
    },
    "node_modules/pkcs7": {
      "version": "1.0.4",
      "resolved": "https://registry.npmjs.org/pkcs7/-/pkcs7-1.0.4.tgz",
      "integrity": "sha512-afRERtHn54AlwaF2/+LFszyAANTCggGilmcmILUzEjvs3XgFZT+xE6+QWQcAGmu4xajy+Xtj7acLOPdx5/eXWQ==",
      "dependencies": {
        "@babel/runtime": "^7.5.5"
      },
      "bin": {
        "pkcs7": "bin/cli.js"
      }
    },
    "node_modules/process": {
      "version": "0.11.10",
      "resolved": "https://registry.npmjs.org/process/-/process-0.11.10.tgz",
      "integrity": "sha1-czIwDoQBYb2j5podHZGn1LwW8YI=",
      "engines": {
        "node": ">= 0.6.0"
      }
    },
    "node_modules/regenerator-runtime": {
      "version": "0.13.9",
      "resolved": "https://registry.npmjs.org/regenerator-runtime/-/regenerator-runtime-0.13.9.tgz",
      "integrity": "sha512-p3VT+cOEgxFsRRA9X4lkI1E+k2/CtnKtU4gcxyaCUreilL/vqI6CdZ3wxVUx3UOUg+gnUOQQcRI7BmSI656MYA=="
    },
    "node_modules/rust-result": {
      "version": "1.0.0",
      "resolved": "https://registry.npmjs.org/rust-result/-/rust-result-1.0.0.tgz",
      "integrity": "sha1-NMdbLm3Dn+WHXlveyFteD5FTb3I=",
      "dependencies": {
        "individual": "^2.0.0"
      }
    },
    "node_modules/safe-json-parse": {
      "version": "4.0.0",
      "resolved": "https://registry.npmjs.org/safe-json-parse/-/safe-json-parse-4.0.0.tgz",
      "integrity": "sha1-fA9XjPzNEtM6ccDgVBPi7KFx6qw=",
      "dependencies": {
        "rust-result": "^1.0.0"
      }
    },
    "node_modules/sortablejs": {
      "version": "1.14.0",
      "resolved": "https://registry.npmjs.org/sortablejs/-/sortablejs-1.14.0.tgz",
      "integrity": "sha512-pBXvQCs5/33fdN1/39pPL0NZF20LeRbLQ5jtnheIPN9JQAaufGjKdWduZn4U7wCtVuzKhmRkI0DFYHYRbB2H1w=="
    },
    "node_modules/supports-color": {
      "version": "5.5.0",
      "resolved": "https://registry.npmjs.org/supports-color/-/supports-color-5.5.0.tgz",
      "integrity": "sha512-QjVjwdXIt408MIiAqCX4oUKsgU2EqAGzs2Ppkm4aQYbjm+ZEWEcW4SfFNTr4uMNZma0ey4f5lgLrkB0aX0QMow==",
      "dependencies": {
        "has-flag": "^3.0.0"
      },
      "engines": {
        "node": ">=4"
      }
    },
    "node_modules/url-toolkit": {
      "version": "2.2.3",
      "resolved": "https://registry.npmjs.org/url-toolkit/-/url-toolkit-2.2.3.tgz",
      "integrity": "sha512-Da75SQoxsZ+2wXS56CZBrj2nukQ4nlGUZUP/dqUBG5E1su5GKThgT94Q00x81eVII7AyS1Pn+CtTTZ4Z0pLUtQ=="
    },
    "node_modules/vee-validate": {
      "version": "3.4.5",
      "resolved": "https://registry.npmjs.org/vee-validate/-/vee-validate-3.4.5.tgz",
      "integrity": "sha512-ZEcLqOAZzSkMhDvPcTx0xcwVOijFnMW9J+BA20j+rDmo24T8RCCqVQyRwwrDrcWJZV2dRYl/yYNa2GB6UCoBvg==",
      "peerDependencies": {
        "vue": "^2.5.18"
      }
    },
    "node_modules/video.js": {
      "version": "7.14.3",
      "resolved": "https://registry.npmjs.org/video.js/-/video.js-7.14.3.tgz",
      "integrity": "sha512-6avCdSIfn5ss5NOgoQfY/xEfPNcz9DXSw+ZN80NwPguCdRd4VL4y40b/d7osYJwyCdF+YkvhqAW7dw4s0vBigg==",
      "dependencies": {
        "@babel/runtime": "^7.12.5",
        "@videojs/http-streaming": "2.9.2",
        "@videojs/vhs-utils": "^3.0.2",
        "@videojs/xhr": "2.5.1",
        "aes-decrypter": "3.1.2",
        "global": "^4.4.0",
        "keycode": "^2.2.0",
        "m3u8-parser": "4.7.0",
        "mpd-parser": "0.17.0",
        "mux.js": "5.12.2",
        "safe-json-parse": "4.0.0",
        "videojs-font": "3.2.0",
        "videojs-vtt.js": "^0.15.3"
      }
    },
    "node_modules/videojs-font": {
      "version": "3.2.0",
      "resolved": "https://registry.npmjs.org/videojs-font/-/videojs-font-3.2.0.tgz",
      "integrity": "sha512-g8vHMKK2/JGorSfqAZQUmYYNnXmfec4MLhwtEFS+mMs2IDY398GLysy6BH6K+aS1KMNu/xWZ8Sue/X/mdQPliA=="
    },
    "node_modules/videojs-vtt.js": {
      "version": "0.15.3",
      "resolved": "https://registry.npmjs.org/videojs-vtt.js/-/videojs-vtt.js-0.15.3.tgz",
      "integrity": "sha512-5FvVsICuMRx6Hd7H/Y9s9GDeEtYcXQWzGMS+sl4UX3t/zoHp3y+isSfIPRochnTH7h+Bh1ILyC639xy9Z6kPag==",
      "dependencies": {
        "global": "^4.3.1"
      }
    },
    "node_modules/vue": {
      "version": "2.6.11",
      "resolved": "https://registry.npmjs.org/vue/-/vue-2.6.11.tgz",
      "integrity": "sha512-VfPwgcGABbGAue9+sfrD4PuwFar7gPb1yl1UK1MwXoQPAw0BKSqWfoYCT/ThFrdEVWoI51dBuyCoiNU9bZDZxQ=="
    },
    "node_modules/vue-router": {
      "version": "3.1.3",
      "resolved": "https://registry.npmjs.org/vue-router/-/vue-router-3.1.3.tgz",
      "integrity": "sha512-8iSa4mGNXBjyuSZFCCO4fiKfvzqk+mhL0lnKuGcQtO1eoj8nq3CmbEG8FwK5QqoqwDgsjsf1GDuisDX4cdb/aQ=="
    },
    "node_modules/vue2-leaflet": {
      "version": "2.7.0",
      "resolved": "https://registry.npmjs.org/vue2-leaflet/-/vue2-leaflet-2.7.0.tgz",
      "integrity": "sha512-uT7lpFoVEDhINMyTpiAthh6aiKFGHuYWLoVH8JJ0YNNSch+XMZFl4YBQ0S2hHYDquQIsh8zx+yINeUI01y9ugw==",
      "peerDependencies": {
        "@types/leaflet": "^1.5.7",
        "leaflet": "^1.3.4",
        "vue": "^2.5.17"
      }
    },
    "node_modules/vuedraggable": {
      "version": "2.24.3",
      "resolved": "https://registry.npmjs.org/vuedraggable/-/vuedraggable-2.24.3.tgz",
      "integrity": "sha512-6/HDXi92GzB+Hcs9fC6PAAozK1RLt1ewPTLjK0anTYguXLAeySDmcnqE8IC0xa7shvSzRjQXq3/+dsZ7ETGF3g==",
      "dependencies": {
        "sortablejs": "1.10.2"
      }
    },
    "node_modules/vuedraggable/node_modules/sortablejs": {
      "version": "1.10.2",
      "resolved": "https://registry.npmjs.org/sortablejs/-/sortablejs-1.10.2.tgz",
      "integrity": "sha512-YkPGufevysvfwn5rfdlGyrGjt7/CRHwvRPogD/lC+TnvcN29jDpCifKP+rBqf+LRldfXSTh+0CGLcSg0VIxq3A=="
    },
    "node_modules/vuetify": {
      "version": "2.3.2",
      "resolved": "https://registry.npmjs.org/vuetify/-/vuetify-2.3.2.tgz",
      "integrity": "sha512-LgTuUN9IBrR47rLC5NnoameawjV1+KM2KqgZh3lammYKx6yA/AFysHcvXdkfro5vNXxnybKQOuHOsRJ8+e52mA==",
      "funding": {
        "type": "github",
        "url": "https://github.com/sponsors/johnleider"
      },
      "peerDependencies": {
        "vue": "^2.6.4"
      }
    },
    "node_modules/xmldom": {
      "version": "0.5.0",
      "resolved": "https://registry.npmjs.org/xmldom/-/xmldom-0.5.0.tgz",
      "integrity": "sha512-Foaj5FXVzgn7xFzsKeNIde9g6aFBxTPi37iwsno8QvApmtg7KYrr+OPyRHcJF7dud2a5nGRBXK3n0dL62Gf7PA==",
      "engines": {
        "node": ">=10.0.0"
      }
    }
  },
  "dependencies": {
    "@babel/runtime": {
      "version": "7.15.4",
      "resolved": "https://registry.npmjs.org/@babel/runtime/-/runtime-7.15.4.tgz",
      "integrity": "sha512-99catp6bHCaxr4sJ/DbTGgHS4+Rs2RVd2g7iOap6SLGPDknRK9ztKNsE/Fg6QhSeh1FGE5f6gHGQmvvn3I3xhw==",
      "requires": {
        "regenerator-runtime": "^0.13.4"
      }
    },
    "@types/geojson": {
      "version": "7946.0.7",
      "resolved": "https://registry.npmjs.org/@types/geojson/-/geojson-7946.0.7.tgz",
      "integrity": "sha512-wE2v81i4C4Ol09RtsWFAqg3BUitWbHSpSlIo+bNdsCJijO9sjme+zm+73ZMCa/qMC8UEERxzGbvmr1cffo2SiQ==",
      "peer": true
    },
    "@types/leaflet": {
      "version": "1.7.3",
      "resolved": "https://registry.npmjs.org/@types/leaflet/-/leaflet-1.7.3.tgz",
      "integrity": "sha512-uIAUQbzow2NxFsKmgOnogUA5A6oQ4ZCJoAet4hhe1RwUw54Tydn1tkpHKMZKbqloTMYAZ0CtCF3MoITAwMJWHw==",
      "peer": true,
      "requires": {
        "@types/geojson": "*"
      }
    },
    "@videojs/http-streaming": {
      "version": "2.9.2",
      "resolved": "https://registry.npmjs.org/@videojs/http-streaming/-/http-streaming-2.9.2.tgz",
      "integrity": "sha512-2ZsxJn4/nZZ6k6jIhic2l9ynGmKwprtuI5b3+M6JgqOSLvQQ/ah+heVs/0g2Ze7qJxodqR+aSY948JwJIz1gCw==",
      "requires": {
        "@babel/runtime": "^7.12.5",
        "@videojs/vhs-utils": "^3.0.2",
        "aes-decrypter": "3.1.2",
        "global": "^4.4.0",
        "m3u8-parser": "4.7.0",
        "mpd-parser": "0.17.0",
        "mux.js": "5.12.2",
        "video.js": "^6 || ^7"
      }
    },
    "@videojs/vhs-utils": {
      "version": "3.0.3",
      "resolved": "https://registry.npmjs.org/@videojs/vhs-utils/-/vhs-utils-3.0.3.tgz",
      "integrity": "sha512-bU7daxDHhzcTDbmty1cXjzsTYvx2cBGbA8hG5H2Gvpuk4sdfuvkZtMCwtCqL59p6dsleMPspyaNS+7tWXx2Y0A==",
      "requires": {
        "@babel/runtime": "^7.12.5",
        "global": "^4.4.0",
        "url-toolkit": "^2.2.1"
      }
    },
    "@videojs/xhr": {
      "version": "2.5.1",
      "resolved": "https://registry.npmjs.org/@videojs/xhr/-/xhr-2.5.1.tgz",
      "integrity": "sha512-wV9nGESHseSK+S9ePEru2+OJZ1jq/ZbbzniGQ4weAmTIepuBMSYPx5zrxxQA0E786T5ykpO8ts+LayV+3/oI2w==",
      "requires": {
        "@babel/runtime": "^7.5.5",
        "global": "~4.4.0",
        "is-function": "^1.0.1"
      }
    },
    "aes-decrypter": {
      "version": "3.1.2",
      "resolved": "https://registry.npmjs.org/aes-decrypter/-/aes-decrypter-3.1.2.tgz",
      "integrity": "sha512-42nRwfQuPRj9R1zqZBdoxnaAmnIFyDi0MNyTVhjdFOd8fifXKKRfwIHIZ6AMn1or4x5WONzjwRTbTWcsIQ0O4A==",
      "requires": {
        "@babel/runtime": "^7.12.5",
        "@videojs/vhs-utils": "^3.0.0",
        "global": "^4.4.0",
        "pkcs7": "^1.0.4"
      }
    },
    "ansi-styles": {
      "version": "3.2.1",
      "resolved": "https://registry.npmjs.org/ansi-styles/-/ansi-styles-3.2.1.tgz",
      "integrity": "sha512-VT0ZI6kZRdTh8YyJw3SMbYm/u+NqfsAxEpWO0Pf9sq8/e94WxxOpPKx9FR1FlyCtOVDNOQ+8ntlqFxiRc+r5qA==",
      "requires": {
        "color-convert": "^1.9.0"
      }
    },
    "axios": {
      "version": "0.21.4",
      "resolved": "https://registry.npmjs.org/axios/-/axios-0.21.4.tgz",
      "integrity": "sha512-ut5vewkiu8jjGBdqpM44XxjuCjq9LAKeHVmoVfHVzy8eHgxxq8SbAVQNovDA8mVi05kP0Ea/n/UzcSHcTJQfNg==",
      "requires": {
        "follow-redirects": "^1.14.0"
      }
    },
    "chalk": {
      "version": "2.4.2",
      "resolved": "https://registry.npmjs.org/chalk/-/chalk-2.4.2.tgz",
      "integrity": "sha512-Mti+f9lpJNcwF4tWV8/OrTTtF1gZi+f8FqlyAdouralcFWFQWF2+NgCHShjkCb+IFBLq9buZwE1xckQU4peSuQ==",
      "requires": {
        "ansi-styles": "^3.2.1",
        "escape-string-regexp": "^1.0.5",
        "supports-color": "^5.3.0"
      }
    },
    "color-convert": {
      "version": "1.9.3",
      "resolved": "https://registry.npmjs.org/color-convert/-/color-convert-1.9.3.tgz",
      "integrity": "sha512-QfAUtd+vFdAtFQcC8CCyYt1fYWxSqAiK2cSD6zDB8N3cpsEBAvRxp9zOGg6G/SHHJYAT88/az/IuDGALsNVbGg==",
      "requires": {
        "color-name": "1.1.3"
      }
    },
    "color-name": {
      "version": "1.1.3",
      "resolved": "https://registry.npmjs.org/color-name/-/color-name-1.1.3.tgz",
      "integrity": "sha1-p9BVi9icQveV3UIyj3QIMcpTvCU="
    },
    "cropperjs": {
      "version": "1.5.11",
      "resolved": "https://registry.npmjs.org/cropperjs/-/cropperjs-1.5.11.tgz",
      "integrity": "sha512-SJUeBBhtNBnnn+UrLKluhFRIXLJn7XFPv8QN1j49X5t+BIMwkgvDev541f96bmu8Xe0TgCx3gON22KmY/VddaA=="
    },
    "date-fns": {
      "version": "2.19.0",
      "resolved": "https://registry.npmjs.org/date-fns/-/date-fns-2.19.0.tgz",
      "integrity": "sha512-X3bf2iTPgCAQp9wvjOQytnf5vO5rESYRXlPIVcgSbtT5OTScPcsf9eZU+B/YIkKAtYr5WeCii58BgATrNitlWg=="
    },
    "diff-match-patch": {
      "version": "1.0.5",
      "resolved": "https://registry.npmjs.org/diff-match-patch/-/diff-match-patch-1.0.5.tgz",
      "integrity": "sha512-IayShXAgj/QMXgB0IWmKx+rOPuGMhqm5w6jvFxmVenXKIzRqTAAsbBPT3kWQeGANj3jGgvcvv4yK6SxqYmikgw=="
    },
    "dom-walk": {
      "version": "0.1.2",
      "resolved": "https://registry.npmjs.org/dom-walk/-/dom-walk-0.1.2.tgz",
      "integrity": "sha512-6QvTW9mrGeIegrFXdtQi9pk7O/nSK6lSdXW2eqUspN5LWD7UTji2Fqw5V2YLjBpHEoU9Xl/eUWNpDeZvoyOv2w=="
    },
    "escape-string-regexp": {
      "version": "1.0.5",
      "resolved": "https://registry.npmjs.org/escape-string-regexp/-/escape-string-regexp-1.0.5.tgz",
      "integrity": "sha1-G2HAViGQqN/2rjuyzwIAyhMLhtQ="
    },
    "filepond": {
      "version": "4.27.1",
      "resolved": "https://registry.npmjs.org/filepond/-/filepond-4.27.1.tgz",
      "integrity": "sha512-L4DQgywbI68L+Qtp+1Wo6ZuzxtsfnxPMssTV4tyV0Sm9+9SOhwX5Dmx7y9RE5I8E7OnKKugxuUSakXUPS689Zg=="
    },
    "follow-redirects": {
      "version": "1.14.4",
      "resolved": "https://registry.npmjs.org/follow-redirects/-/follow-redirects-1.14.4.tgz",
      "integrity": "sha512-zwGkiSXC1MUJG/qmeIFH2HBJx9u0V46QGUe3YR1fXG8bXQxq7fLj0RjLZQ5nubr9qNJUZrH+xUcwXEoXNpfS+g=="
    },
    "global": {
      "version": "4.4.0",
      "resolved": "https://registry.npmjs.org/global/-/global-4.4.0.tgz",
      "integrity": "sha512-wv/LAoHdRE3BeTGz53FAamhGlPLhlssK45usmGFThIi4XqnBmjKQ16u+RNbP7WvigRZDxUsM0J3gcQ5yicaL0w==",
      "requires": {
        "min-document": "^2.19.0",
        "process": "^0.11.10"
      }
    },
    "has-flag": {
      "version": "3.0.0",
      "resolved": "https://registry.npmjs.org/has-flag/-/has-flag-3.0.0.tgz",
      "integrity": "sha1-tdRU3CGZriJWmfNGfloH87lVuv0="
    },
    "individual": {
      "version": "2.0.0",
      "resolved": "https://registry.npmjs.org/individual/-/individual-2.0.0.tgz",
      "integrity": "sha1-gzsJfa0jKU52EXqY+zjg2a1hu5c="
    },
    "is-function": {
      "version": "1.0.2",
      "resolved": "https://registry.npmjs.org/is-function/-/is-function-1.0.2.tgz",
      "integrity": "sha512-lw7DUp0aWXYg+CBCN+JKkcE0Q2RayZnSvnZBlwgxHBQhqt5pZNVy4Ri7H9GmmXkdu7LUthszM+Tor1u/2iBcpQ=="
    },
    "iv-viewer": {
      "version": "2.0.1",
      "resolved": "https://registry.npmjs.org/iv-viewer/-/iv-viewer-2.0.1.tgz",
      "integrity": "sha512-dPwFs3fHGJAwE9APaJB3UpEaxoTAG6N1wraKv48SjDvOP+CMzUmFbW+TWpyKVSpjRmpCsMdCoBFiLRAFsTkulA=="
    },
    "jsondiffpatch": {
      "version": "0.4.1",
      "resolved": "https://registry.npmjs.org/jsondiffpatch/-/jsondiffpatch-0.4.1.tgz",
      "integrity": "sha512-t0etAxTUk1w5MYdNOkZBZ8rvYYN5iL+2dHCCx/DpkFm/bW28M6y5nUS83D4XdZiHy35Fpaw6LBb+F88fHZnVCw==",
      "requires": {
        "chalk": "^2.3.0",
        "diff-match-patch": "^1.0.0"
      }
    },
    "keycode": {
      "version": "2.2.0",
      "resolved": "https://registry.npmjs.org/keycode/-/keycode-2.2.0.tgz",
      "integrity": "sha1-PQr1bce4uOXLqNCpfxByBO7CKwQ="
    },
    "leaflet": {
      "version": "1.7.1",
      "resolved": "https://registry.npmjs.org/leaflet/-/leaflet-1.7.1.tgz",
      "integrity": "sha512-/xwPEBidtg69Q3HlqPdU3DnrXQOvQU/CCHA1tcDQVzOwm91YMYaILjNp7L4Eaw5Z4sOYdbBz6koWyibppd8Zqw=="
    },
    "m3u8-parser": {
      "version": "4.7.0",
      "resolved": "https://registry.npmjs.org/m3u8-parser/-/m3u8-parser-4.7.0.tgz",
      "integrity": "sha512-48l/OwRyjBm+QhNNigEEcRcgbRvnUjL7rxs597HmW9QSNbyNvt+RcZ9T/d9vxi9A9z7EZrB1POtZYhdRlwYQkQ==",
      "requires": {
        "@babel/runtime": "^7.12.5",
        "@videojs/vhs-utils": "^3.0.0",
        "global": "^4.4.0"
      }
    },
    "min-document": {
      "version": "2.19.0",
      "resolved": "https://registry.npmjs.org/min-document/-/min-document-2.19.0.tgz",
      "integrity": "sha1-e9KC4/WELtKVu3SM3Z8f+iyCRoU=",
      "requires": {
        "dom-walk": "^0.1.0"
      }
    },
    "mpd-parser": {
      "version": "0.17.0",
      "resolved": "https://registry.npmjs.org/mpd-parser/-/mpd-parser-0.17.0.tgz",
      "integrity": "sha512-oKS5G0jCcHHJ3sHYlcLeM9Xcbuixl08eAx7QW0Th7ChlZiI0YvLtGaHE/L0aKUBJFNvtkeksIr8XgJgSBBsS4g==",
      "requires": {
        "@babel/runtime": "^7.12.5",
        "@videojs/vhs-utils": "^3.0.2",
        "global": "^4.4.0",
        "xmldom": "^0.5.0"
      }
    },
    "mux.js": {
      "version": "5.12.2",
      "resolved": "https://registry.npmjs.org/mux.js/-/mux.js-5.12.2.tgz",
      "integrity": "sha512-9OY1lrFIo7FxMeIC6aLUftiNv97AztufDfi30N7qDll1Pcy7bCxlHztyHp1Ce0KQwy2XqchGeENPS4v1NJngHQ==",
      "requires": {
        "@babel/runtime": "^7.11.2"
      }
    },
    "pkcs7": {
      "version": "1.0.4",
      "resolved": "https://registry.npmjs.org/pkcs7/-/pkcs7-1.0.4.tgz",
      "integrity": "sha512-afRERtHn54AlwaF2/+LFszyAANTCggGilmcmILUzEjvs3XgFZT+xE6+QWQcAGmu4xajy+Xtj7acLOPdx5/eXWQ==",
      "requires": {
        "@babel/runtime": "^7.5.5"
      }
    },
    "process": {
      "version": "0.11.10",
      "resolved": "https://registry.npmjs.org/process/-/process-0.11.10.tgz",
      "integrity": "sha1-czIwDoQBYb2j5podHZGn1LwW8YI="
    },
    "regenerator-runtime": {
      "version": "0.13.9",
      "resolved": "https://registry.npmjs.org/regenerator-runtime/-/regenerator-runtime-0.13.9.tgz",
      "integrity": "sha512-p3VT+cOEgxFsRRA9X4lkI1E+k2/CtnKtU4gcxyaCUreilL/vqI6CdZ3wxVUx3UOUg+gnUOQQcRI7BmSI656MYA=="
    },
    "rust-result": {
      "version": "1.0.0",
      "resolved": "https://registry.npmjs.org/rust-result/-/rust-result-1.0.0.tgz",
      "integrity": "sha1-NMdbLm3Dn+WHXlveyFteD5FTb3I=",
      "requires": {
        "individual": "^2.0.0"
      }
    },
    "safe-json-parse": {
      "version": "4.0.0",
      "resolved": "https://registry.npmjs.org/safe-json-parse/-/safe-json-parse-4.0.0.tgz",
      "integrity": "sha1-fA9XjPzNEtM6ccDgVBPi7KFx6qw=",
      "requires": {
        "rust-result": "^1.0.0"
      }
    },
    "sortablejs": {
      "version": "1.14.0",
      "resolved": "https://registry.npmjs.org/sortablejs/-/sortablejs-1.14.0.tgz",
      "integrity": "sha512-pBXvQCs5/33fdN1/39pPL0NZF20LeRbLQ5jtnheIPN9JQAaufGjKdWduZn4U7wCtVuzKhmRkI0DFYHYRbB2H1w=="
    },
    "supports-color": {
      "version": "5.5.0",
      "resolved": "https://registry.npmjs.org/supports-color/-/supports-color-5.5.0.tgz",
      "integrity": "sha512-QjVjwdXIt408MIiAqCX4oUKsgU2EqAGzs2Ppkm4aQYbjm+ZEWEcW4SfFNTr4uMNZma0ey4f5lgLrkB0aX0QMow==",
      "requires": {
        "has-flag": "^3.0.0"
      }
    },
    "url-toolkit": {
      "version": "2.2.3",
      "resolved": "https://registry.npmjs.org/url-toolkit/-/url-toolkit-2.2.3.tgz",
      "integrity": "sha512-Da75SQoxsZ+2wXS56CZBrj2nukQ4nlGUZUP/dqUBG5E1su5GKThgT94Q00x81eVII7AyS1Pn+CtTTZ4Z0pLUtQ=="
    },
    "vee-validate": {
      "version": "3.4.5",
      "resolved": "https://registry.npmjs.org/vee-validate/-/vee-validate-3.4.5.tgz",
      "integrity": "sha512-ZEcLqOAZzSkMhDvPcTx0xcwVOijFnMW9J+BA20j+rDmo24T8RCCqVQyRwwrDrcWJZV2dRYl/yYNa2GB6UCoBvg==",
      "requires": {}
    },
    "video.js": {
      "version": "7.14.3",
      "resolved": "https://registry.npmjs.org/video.js/-/video.js-7.14.3.tgz",
      "integrity": "sha512-6avCdSIfn5ss5NOgoQfY/xEfPNcz9DXSw+ZN80NwPguCdRd4VL4y40b/d7osYJwyCdF+YkvhqAW7dw4s0vBigg==",
      "requires": {
        "@babel/runtime": "^7.12.5",
        "@videojs/http-streaming": "2.9.2",
        "@videojs/vhs-utils": "^3.0.2",
        "@videojs/xhr": "2.5.1",
        "aes-decrypter": "3.1.2",
        "global": "^4.4.0",
        "keycode": "^2.2.0",
        "m3u8-parser": "4.7.0",
        "mpd-parser": "0.17.0",
        "mux.js": "5.12.2",
        "safe-json-parse": "4.0.0",
        "videojs-font": "3.2.0",
        "videojs-vtt.js": "^0.15.3"
      }
    },
    "videojs-font": {
      "version": "3.2.0",
      "resolved": "https://registry.npmjs.org/videojs-font/-/videojs-font-3.2.0.tgz",
      "integrity": "sha512-g8vHMKK2/JGorSfqAZQUmYYNnXmfec4MLhwtEFS+mMs2IDY398GLysy6BH6K+aS1KMNu/xWZ8Sue/X/mdQPliA=="
    },
    "videojs-vtt.js": {
      "version": "0.15.3",
      "resolved": "https://registry.npmjs.org/videojs-vtt.js/-/videojs-vtt.js-0.15.3.tgz",
      "integrity": "sha512-5FvVsICuMRx6Hd7H/Y9s9GDeEtYcXQWzGMS+sl4UX3t/zoHp3y+isSfIPRochnTH7h+Bh1ILyC639xy9Z6kPag==",
      "requires": {
        "global": "^4.3.1"
      }
    },
    "vue": {
      "version": "2.6.11",
      "resolved": "https://registry.npmjs.org/vue/-/vue-2.6.11.tgz",
      "integrity": "sha512-VfPwgcGABbGAue9+sfrD4PuwFar7gPb1yl1UK1MwXoQPAw0BKSqWfoYCT/ThFrdEVWoI51dBuyCoiNU9bZDZxQ=="
    },
    "vue-router": {
      "version": "3.1.3",
      "resolved": "https://registry.npmjs.org/vue-router/-/vue-router-3.1.3.tgz",
      "integrity": "sha512-8iSa4mGNXBjyuSZFCCO4fiKfvzqk+mhL0lnKuGcQtO1eoj8nq3CmbEG8FwK5QqoqwDgsjsf1GDuisDX4cdb/aQ=="
    },
    "vue2-leaflet": {
      "version": "2.7.0",
      "resolved": "https://registry.npmjs.org/vue2-leaflet/-/vue2-leaflet-2.7.0.tgz",
      "integrity": "sha512-uT7lpFoVEDhINMyTpiAthh6aiKFGHuYWLoVH8JJ0YNNSch+XMZFl4YBQ0S2hHYDquQIsh8zx+yINeUI01y9ugw==",
      "requires": {}
    },
    "vuedraggable": {
      "version": "2.24.3",
      "resolved": "https://registry.npmjs.org/vuedraggable/-/vuedraggable-2.24.3.tgz",
      "integrity": "sha512-6/HDXi92GzB+Hcs9fC6PAAozK1RLt1ewPTLjK0anTYguXLAeySDmcnqE8IC0xa7shvSzRjQXq3/+dsZ7ETGF3g==",
      "requires": {
        "sortablejs": "1.10.2"
      },
      "dependencies": {
        "sortablejs": {
          "version": "1.10.2",
          "resolved": "https://registry.npmjs.org/sortablejs/-/sortablejs-1.10.2.tgz",
          "integrity": "sha512-YkPGufevysvfwn5rfdlGyrGjt7/CRHwvRPogD/lC+TnvcN29jDpCifKP+rBqf+LRldfXSTh+0CGLcSg0VIxq3A=="
        }
      }
    },
    "vuetify": {
      "version": "2.3.2",
      "resolved": "https://registry.npmjs.org/vuetify/-/vuetify-2.3.2.tgz",
      "integrity": "sha512-LgTuUN9IBrR47rLC5NnoameawjV1+KM2KqgZh3lammYKx6yA/AFysHcvXdkfro5vNXxnybKQOuHOsRJ8+e52mA==",
      "requires": {}
    },
    "xmldom": {
      "version": "0.5.0",
      "resolved": "https://registry.npmjs.org/xmldom/-/xmldom-0.5.0.tgz",
      "integrity": "sha512-Foaj5FXVzgn7xFzsKeNIde9g6aFBxTPi37iwsno8QvApmtg7KYrr+OPyRHcJF7dud2a5nGRBXK3n0dL62Gf7PA=="
    }
  }
}
